// !$*UTF8*$!
{
	archiveVersion = 1;
	classes = {
	};
	objectVersion = 46;
	objects = {

/* Begin PBXBuildFile section */
		1F30887E1D0ECFE4002AFB05 /* Trash.m in Sources */ = {isa = PBXBuildFile; fileRef = 1F30887D1D0ECFE4002AFB05 /* Trash.m */; };
		1F3088811D0F0895002AFB05 /* ChatViewController.m in Sources */ = {isa = PBXBuildFile; fileRef = 1F3088801D0F0895002AFB05 /* ChatViewController.m */; };
		1F3088841D0F0F91002AFB05 /* LiveAgentApi.m in Sources */ = {isa = PBXBuildFile; fileRef = 1F3088831D0F0F91002AFB05 /* LiveAgentApi.m */; };
		1FC571361D09ABFC0001923B /* main.m in Sources */ = {isa = PBXBuildFile; fileRef = 1FC571351D09ABFC0001923B /* main.m */; };
		1FC571391D09ABFC0001923B /* AppDelegate.m in Sources */ = {isa = PBXBuildFile; fileRef = 1FC571381D09ABFC0001923B /* AppDelegate.m */; };
		1FC5713C1D09ABFC0001923B /* ViewController.m in Sources */ = {isa = PBXBuildFile; fileRef = 1FC5713B1D09ABFC0001923B /* ViewController.m */; };
		1FC5713F1D09ABFC0001923B /* Main.storyboard in Resources */ = {isa = PBXBuildFile; fileRef = 1FC5713D1D09ABFC0001923B /* Main.storyboard */; };
		1FC571411D09ABFC0001923B /* Assets.xcassets in Resources */ = {isa = PBXBuildFile; fileRef = 1FC571401D09ABFC0001923B /* Assets.xcassets */; };
		1FC571441D09ABFC0001923B /* LaunchScreen.storyboard in Resources */ = {isa = PBXBuildFile; fileRef = 1FC571421D09ABFC0001923B /* LaunchScreen.storyboard */; };
		1FC5714D1D09B0390001923B /* Constants.m in Sources */ = {isa = PBXBuildFile; fileRef = 1FC5714C1D09B0390001923B /* Constants.m */; };
		5AE9930C1E093C715A4C4731 /* Pods_LiveAgent.framework in Frameworks */ = {isa = PBXBuildFile; fileRef = F27DE5C41C60B4D052986E52 /* Pods_LiveAgent.framework */; };
/* End PBXBuildFile section */

/* Begin PBXFileReference section */
		1F30887C1D0ECFE4002AFB05 /* Trash.h */ = {isa = PBXFileReference; fileEncoding = 4; lastKnownFileType = sourcecode.c.h; path = Trash.h; sourceTree = "<group>"; };
		1F30887D1D0ECFE4002AFB05 /* Trash.m */ = {isa = PBXFileReference; fileEncoding = 4; lastKnownFileType = sourcecode.c.objc; path = Trash.m; sourceTree = "<group>"; };
		1F30887F1D0F0895002AFB05 /* ChatViewController.h */ = {isa = PBXFileReference; fileEncoding = 4; lastKnownFileType = sourcecode.c.h; path = ChatViewController.h; sourceTree = "<group>"; };
		1F3088801D0F0895002AFB05 /* ChatViewController.m */ = {isa = PBXFileReference; fileEncoding = 4; lastKnownFileType = sourcecode.c.objc; path = ChatViewController.m; sourceTree = "<group>"; };
		1F3088821D0F0F90002AFB05 /* LiveAgentApi.h */ = {isa = PBXFileReference; fileEncoding = 4; lastKnownFileType = sourcecode.c.h; path = LiveAgentApi.h; sourceTree = "<group>"; };
		1F3088831D0F0F91002AFB05 /* LiveAgentApi.m */ = {isa = PBXFileReference; fileEncoding = 4; lastKnownFileType = sourcecode.c.objc; path = LiveAgentApi.m; sourceTree = "<group>"; };
		1FC571311D09ABFC0001923B /* LiveAgent.app */ = {isa = PBXFileReference; explicitFileType = wrapper.application; includeInIndex = 0; path = LiveAgent.app; sourceTree = BUILT_PRODUCTS_DIR; };
		1FC571351D09ABFC0001923B /* main.m */ = {isa = PBXFileReference; lastKnownFileType = sourcecode.c.objc; path = main.m; sourceTree = "<group>"; };
		1FC571371D09ABFC0001923B /* AppDelegate.h */ = {isa = PBXFileReference; lastKnownFileType = sourcecode.c.h; path = AppDelegate.h; sourceTree = "<group>"; };
		1FC571381D09ABFC0001923B /* AppDelegate.m */ = {isa = PBXFileReference; lastKnownFileType = sourcecode.c.objc; path = AppDelegate.m; sourceTree = "<group>"; };
		1FC5713A1D09ABFC0001923B /* ViewController.h */ = {isa = PBXFileReference; lastKnownFileType = sourcecode.c.h; path = ViewController.h; sourceTree = "<group>"; };
		1FC5713B1D09ABFC0001923B /* ViewController.m */ = {isa = PBXFileReference; lastKnownFileType = sourcecode.c.objc; path = ViewController.m; sourceTree = "<group>"; };
		1FC5713E1D09ABFC0001923B /* Base */ = {isa = PBXFileReference; lastKnownFileType = file.storyboard; name = Base; path = Base.lproj/Main.storyboard; sourceTree = "<group>"; };
		1FC571401D09ABFC0001923B /* Assets.xcassets */ = {isa = PBXFileReference; lastKnownFileType = folder.assetcatalog; path = Assets.xcassets; sourceTree = "<group>"; };
		1FC571431D09ABFC0001923B /* Base */ = {isa = PBXFileReference; lastKnownFileType = file.storyboard; name = Base; path = Base.lproj/LaunchScreen.storyboard; sourceTree = "<group>"; };
		1FC571451D09ABFC0001923B /* Info.plist */ = {isa = PBXFileReference; lastKnownFileType = text.plist.xml; path = Info.plist; sourceTree = "<group>"; };
		1FC5714B1D09B0390001923B /* Constants.h */ = {isa = PBXFileReference; fileEncoding = 4; lastKnownFileType = sourcecode.c.h; path = Constants.h; sourceTree = "<group>"; };
		1FC5714C1D09B0390001923B /* Constants.m */ = {isa = PBXFileReference; fileEncoding = 4; lastKnownFileType = sourcecode.c.objc; path = Constants.m; sourceTree = "<group>"; };
		5D4CD0D306BBB01B03DC56D2 /* Pods-LiveAgent.debug.xcconfig */ = {isa = PBXFileReference; includeInIndex = 1; lastKnownFileType = text.xcconfig; name = "Pods-LiveAgent.debug.xcconfig"; path = "Pods/Target Support Files/Pods-LiveAgent/Pods-LiveAgent.debug.xcconfig"; sourceTree = "<group>"; };
		F27DE5C41C60B4D052986E52 /* Pods_LiveAgent.framework */ = {isa = PBXFileReference; explicitFileType = wrapper.framework; includeInIndex = 0; path = Pods_LiveAgent.framework; sourceTree = BUILT_PRODUCTS_DIR; };
		FA484C77C4A184B0AF227E3F /* Pods-LiveAgent.release.xcconfig */ = {isa = PBXFileReference; includeInIndex = 1; lastKnownFileType = text.xcconfig; name = "Pods-LiveAgent.release.xcconfig"; path = "Pods/Target Support Files/Pods-LiveAgent/Pods-LiveAgent.release.xcconfig"; sourceTree = "<group>"; };
/* End PBXFileReference section */

/* Begin PBXFrameworksBuildPhase section */
		1FC5712E1D09ABFC0001923B /* Frameworks */ = {
			isa = PBXFrameworksBuildPhase;
			buildActionMask = 2147483647;
			files = (
				5AE9930C1E093C715A4C4731 /* Pods_LiveAgent.framework in Frameworks */,
			);
			runOnlyForDeploymentPostprocessing = 0;
		};
/* End PBXFrameworksBuildPhase section */

/* Begin PBXGroup section */
		1FC571281D09ABFC0001923B = {
			isa = PBXGroup;
			children = (
				1FC571331D09ABFC0001923B /* LiveAgent */,
				1FC571321D09ABFC0001923B /* Products */,
				7EF900C8BE70517722127E9A /* Pods */,
				20A5D37F559E50175E6553C0 /* Frameworks */,
			);
			sourceTree = "<group>";
		};
		1FC571321D09ABFC0001923B /* Products */ = {
			isa = PBXGroup;
			children = (
				1FC571311D09ABFC0001923B /* LiveAgent.app */,
			);
			name = Products;
			sourceTree = "<group>";
		};
		1FC571331D09ABFC0001923B /* LiveAgent */ = {
			isa = PBXGroup;
			children = (
				1FC571371D09ABFC0001923B /* AppDelegate.h */,
				1FC571381D09ABFC0001923B /* AppDelegate.m */,
				1FC5713A1D09ABFC0001923B /* ViewController.h */,
				1FC5713B1D09ABFC0001923B /* ViewController.m */,
				1FC5713D1D09ABFC0001923B /* Main.storyboard */,
				1FC571401D09ABFC0001923B /* Assets.xcassets */,
				1FC571421D09ABFC0001923B /* LaunchScreen.storyboard */,
				1FC571451D09ABFC0001923B /* Info.plist */,
				1FC571341D09ABFC0001923B /* Supporting Files */,
				1FC5714B1D09B0390001923B /* Constants.h */,
				1FC5714C1D09B0390001923B /* Constants.m */,
				1F30887C1D0ECFE4002AFB05 /* Trash.h */,
				1F30887D1D0ECFE4002AFB05 /* Trash.m */,
				1F30887F1D0F0895002AFB05 /* ChatViewController.h */,
				1F3088801D0F0895002AFB05 /* ChatViewController.m */,
				1F3088821D0F0F90002AFB05 /* LiveAgentApi.h */,
				1F3088831D0F0F91002AFB05 /* LiveAgentApi.m */,
			);
			path = LiveAgent;
			sourceTree = "<group>";
		};
		1FC571341D09ABFC0001923B /* Supporting Files */ = {
			isa = PBXGroup;
			children = (
				1FC571351D09ABFC0001923B /* main.m */,
			);
			name = "Supporting Files";
			sourceTree = "<group>";
		};
		20A5D37F559E50175E6553C0 /* Frameworks */ = {
			isa = PBXGroup;
			children = (
				F27DE5C41C60B4D052986E52 /* Pods_LiveAgent.framework */,
			);
			name = Frameworks;
			sourceTree = "<group>";
		};
		7EF900C8BE70517722127E9A /* Pods */ = {
			isa = PBXGroup;
			children = (
				5D4CD0D306BBB01B03DC56D2 /* Pods-LiveAgent.debug.xcconfig */,
				FA484C77C4A184B0AF227E3F /* Pods-LiveAgent.release.xcconfig */,
			);
			name = Pods;
			sourceTree = "<group>";
		};
/* End PBXGroup section */

/* Begin PBXNativeTarget section */
		1FC571301D09ABFC0001923B /* LiveAgent */ = {
			isa = PBXNativeTarget;
			buildConfigurationList = 1FC571481D09ABFC0001923B /* Build configuration list for PBXNativeTarget "LiveAgent" */;
			buildPhases = (
				3C059D8496D6B80C0C16636D /* [CP] Check Pods Manifest.lock */,
				1FC5712D1D09ABFC0001923B /* Sources */,
				1FC5712E1D09ABFC0001923B /* Frameworks */,
				1FC5712F1D09ABFC0001923B /* Resources */,
				B0017BF83517A7443710980B /* [CP] Embed Pods Frameworks */,
				C31765D156414D6C3AFF7A4C /* [CP] Copy Pods Resources */,
			);
			buildRules = (
			);
			dependencies = (
			);
			name = LiveAgent;
			productName = LiveAgent;
			productReference = 1FC571311D09ABFC0001923B /* LiveAgent.app */;
			productType = "com.apple.product-type.application";
		};
/* End PBXNativeTarget section */

/* Begin PBXProject section */
		1FC571291D09ABFC0001923B /* Project object */ = {
			isa = PBXProject;
			attributes = {
				LastUpgradeCheck = 0730;
				ORGANIZATIONNAME = "Halid Cisse";
				TargetAttributes = {
					1FC571301D09ABFC0001923B = {
						CreatedOnToolsVersion = 7.3.1;
					};
				};
			};
			buildConfigurationList = 1FC5712C1D09ABFC0001923B /* Build configuration list for PBXProject "LiveAgent" */;
			compatibilityVersion = "Xcode 3.2";
			developmentRegion = English;
			hasScannedForEncodings = 0;
			knownRegions = (
				en,
				Base,
			);
			mainGroup = 1FC571281D09ABFC0001923B;
			productRefGroup = 1FC571321D09ABFC0001923B /* Products */;
			projectDirPath = "";
			projectRoot = "";
			targets = (
				1FC571301D09ABFC0001923B /* LiveAgent */,
			);
		};
/* End PBXProject section */

/* Begin PBXResourcesBuildPhase section */
		1FC5712F1D09ABFC0001923B /* Resources */ = {
			isa = PBXResourcesBuildPhase;
			buildActionMask = 2147483647;
			files = (
				1FC571441D09ABFC0001923B /* LaunchScreen.storyboard in Resources */,
				1FC571411D09ABFC0001923B /* Assets.xcassets in Resources */,
				1FC5713F1D09ABFC0001923B /* Main.storyboard in Resources */,
			);
			runOnlyForDeploymentPostprocessing = 0;
		};
/* End PBXResourcesBuildPhase section */

/* Begin PBXShellScriptBuildPhase section */
		3C059D8496D6B80C0C16636D /* [CP] Check Pods Manifest.lock */ = {
			isa = PBXShellScriptBuildPhase;
			buildActionMask = 2147483647;
			files = (
			);
			inputPaths = (
			);
			name = "[CP] Check Pods Manifest.lock";
			outputPaths = (
			);
			runOnlyForDeploymentPostprocessing = 0;
			shellPath = /bin/sh;
			shellScript = "diff \"${PODS_ROOT}/../Podfile.lock\" \"${PODS_ROOT}/Manifest.lock\" > /dev/null\nif [[ $? != 0 ]] ; then\n    cat << EOM\nerror: The sandbox is not in sync with the Podfile.lock. Run 'pod install' or update your CocoaPods installation.\nEOM\n    exit 1\nfi\n";
			showEnvVarsInLog = 0;
		};
		B0017BF83517A7443710980B /* [CP] Embed Pods Frameworks */ = {
			isa = PBXShellScriptBuildPhase;
			buildActionMask = 2147483647;
			files = (
			);
			inputPaths = (
			);
			name = "[CP] Embed Pods Frameworks";
			outputPaths = (
			);
			runOnlyForDeploymentPostprocessing = 0;
			shellPath = /bin/sh;
			shellScript = "\"${SRCROOT}/Pods/Target Support Files/Pods-LiveAgent/Pods-LiveAgent-frameworks.sh\"\n";
			showEnvVarsInLog = 0;
		};
		C31765D156414D6C3AFF7A4C /* [CP] Copy Pods Resources */ = {
			isa = PBXShellScriptBuildPhase;
			buildActionMask = 2147483647;
			files = (
			);
			inputPaths = (
			);
			name = "[CP] Copy Pods Resources";
			outputPaths = (
			);
			runOnlyForDeploymentPostprocessing = 0;
			shellPath = /bin/sh;
			shellScript = "\"${SRCROOT}/Pods/Target Support Files/Pods-LiveAgent/Pods-LiveAgent-resources.sh\"\n";
			showEnvVarsInLog = 0;
		};
/* End PBXShellScriptBuildPhase section */

/* Begin PBXSourcesBuildPhase section */
		1FC5712D1D09ABFC0001923B /* Sources */ = {
			isa = PBXSourcesBuildPhase;
			buildActionMask = 2147483647;
			files = (
				1F3088841D0F0F91002AFB05 /* LiveAgentApi.m in Sources */,
				1FC5713C1D09ABFC0001923B /* ViewController.m in Sources */,
				1FC571391D09ABFC0001923B /* AppDelegate.m in Sources */,
				1F3088811D0F0895002AFB05 /* ChatViewController.m in Sources */,
				1F30887E1D0ECFE4002AFB05 /* Trash.m in Sources */,
				1FC571361D09ABFC0001923B /* main.m in Sources */,
				1FC5714D1D09B0390001923B /* Constants.m in Sources */,
			);
			runOnlyForDeploymentPostprocessing = 0;
		};
/* End PBXSourcesBuildPhase section */

/* Begin PBXVariantGroup section */
		1FC5713D1D09ABFC0001923B /* Main.storyboard */ = {
			isa = PBXVariantGroup;
			children = (
				1FC5713E1D09ABFC0001923B /* Base */,
			);
			name = Main.storyboard;
			sourceTree = "<group>";
		};
		1FC571421D09ABFC0001923B /* LaunchScreen.storyboard */ = {
			isa = PBXVariantGroup;
			children = (
				1FC571431D09ABFC0001923B /* Base */,
			);
			name = LaunchScreen.storyboard;
			sourceTree = "<group>";
		};
/* End PBXVariantGroup section */

/* Begin XCBuildConfiguration section */
		1FC571461D09ABFC0001923B /* Debug */ = {
			isa = XCBuildConfiguration;
			buildSettings = {
				ALWAYS_SEARCH_USER_PATHS = NO;
				CLANG_ANALYZER_NONNULL = YES;
				CLANG_CXX_LANGUAGE_STANDARD = "gnu++0x";
				CLANG_CXX_LIBRARY = "libc++";
				CLANG_ENABLE_MODULES = YES;
				CLANG_ENABLE_OBJC_ARC = YES;
				CLANG_WARN_BOOL_CONVERSION = YES;
				CLANG_WARN_CONSTANT_CONVERSION = YES;
				CLANG_WARN_DIRECT_OBJC_ISA_USAGE = YES_ERROR;
				CLANG_WARN_EMPTY_BODY = YES;
				CLANG_WARN_ENUM_CONVERSION = YES;
				CLANG_WARN_INT_CONVERSION = YES;
				CLANG_WARN_OBJC_ROOT_CLASS = YES_ERROR;
				CLANG_WARN_UNREACHABLE_CODE = YES;
				CLANG_WARN__DUPLICATE_METHOD_MATCH = YES;
				"CODE_SIGN_IDENTITY[sdk=iphoneos*]" = "iPhone Developer";
				COPY_PHASE_STRIP = NO;
				DEBUG_INFORMATION_FORMAT = dwarf;
				ENABLE_STRICT_OBJC_MSGSEND = YES;
				ENABLE_TESTABILITY = YES;
				GCC_C_LANGUAGE_STANDARD = gnu99;
				GCC_DYNAMIC_NO_PIC = NO;
				GCC_NO_COMMON_BLOCKS = YES;
				GCC_OPTIMIZATION_LEVEL = 0;
				GCC_PREPROCESSOR_DEFINITIONS = (
					"DEBUG=1",
					"$(inherited)",
				);
				GCC_WARN_64_TO_32_BIT_CONVERSION = YES;
				GCC_WARN_ABOUT_RETURN_TYPE = YES_ERROR;
				GCC_WARN_UNDECLARED_SELECTOR = YES;
				GCC_WARN_UNINITIALIZED_AUTOS = YES_AGGRESSIVE;
				GCC_WARN_UNUSED_FUNCTION = YES;
				GCC_WARN_UNUSED_VARIABLE = YES;
				IPHONEOS_DEPLOYMENT_TARGET = 9.3;
				MTL_ENABLE_DEBUG_INFO = YES;
				ONLY_ACTIVE_ARCH = YES;
				SDKROOT = iphoneos;
				TARGETED_DEVICE_FAMILY = "1,2";
			};
			name = Debug;
		};
		1FC571471D09ABFC0001923B /* Release */ = {
			isa = XCBuildConfiguration;
			buildSettings = {
				ALWAYS_SEARCH_USER_PATHS = NO;
				CLANG_ANALYZER_NONNULL = YES;
				CLANG_CXX_LANGUAGE_STANDARD = "gnu++0x";
				CLANG_CXX_LIBRARY = "libc++";
				CLANG_ENABLE_MODULES = YES;
				CLANG_ENABLE_OBJC_ARC = YES;
				CLANG_WARN_BOOL_CONVERSION = YES;
				CLANG_WARN_CONSTANT_CONVERSION = YES;
				CLANG_WARN_DIRECT_OBJC_ISA_USAGE = YES_ERROR;
				CLANG_WARN_EMPTY_BODY = YES;
				CLANG_WARN_ENUM_CONVERSION = YES;
				CLANG_WARN_INT_CONVERSION = YES;
				CLANG_WARN_OBJC_ROOT_CLASS = YES_ERROR;
				CLANG_WARN_UNREACHABLE_CODE = YES;
				CLANG_WARN__DUPLICATE_METHOD_MATCH = YES;
				"CODE_SIGN_IDENTITY[sdk=iphoneos*]" = "iPhone Developer";
				COPY_PHASE_STRIP = NO;
				DEBUG_INFORMATION_FORMAT = "dwarf-with-dsym";
				ENABLE_NS_ASSERTIONS = NO;
				ENABLE_STRICT_OBJC_MSGSEND = YES;
				GCC_C_LANGUAGE_STANDARD = gnu99;
				GCC_NO_COMMON_BLOCKS = YES;
				GCC_WARN_64_TO_32_BIT_CONVERSION = YES;
				GCC_WARN_ABOUT_RETURN_TYPE = YES_ERROR;
				GCC_WARN_UNDECLARED_SELECTOR = YES;
				GCC_WARN_UNINITIALIZED_AUTOS = YES_AGGRESSIVE;
				GCC_WARN_UNUSED_FUNCTION = YES;
				GCC_WARN_UNUSED_VARIABLE = YES;
				IPHONEOS_DEPLOYMENT_TARGET = 9.3;
				MTL_ENABLE_DEBUG_INFO = NO;
				SDKROOT = iphoneos;
				TARGETED_DEVICE_FAMILY = "1,2";
				VALIDATE_PRODUCT = YES;
			};
			name = Release;
		};
		1FC571491D09ABFC0001923B /* Debug */ = {
			isa = XCBuildConfiguration;
			baseConfigurationReference = 5D4CD0D306BBB01B03DC56D2 /* Pods-LiveAgent.debug.xcconfig */;
			buildSettings = {
				ASSETCATALOG_COMPILER_APPICON_NAME = AppIcon;
				INFOPLIST_FILE = LiveAgent/Info.plist;
				IPHONEOS_DEPLOYMENT_TARGET = 8.0;
				LD_RUNPATH_SEARCH_PATHS = "$(inherited) @executable_path/Frameworks";
				PRODUCT_BUNDLE_IDENTIFIER = com.halid.LiveAgent;
				PRODUCT_NAME = "$(TARGET_NAME)";
			};
			name = Debug;
		};
		1FC5714A1D09ABFC0001923B /* Release */ = {
			isa = XCBuildConfiguration;
			baseConfigurationReference = FA484C77C4A184B0AF227E3F /* Pods-LiveAgent.release.xcconfig */;
			buildSettings = {
				ASSETCATALOG_COMPILER_APPICON_NAME = AppIcon;
				INFOPLIST_FILE = LiveAgent/Info.plist;
				IPHONEOS_DEPLOYMENT_TARGET = 8.0;
				LD_RUNPATH_SEARCH_PATHS = "$(inherited) @executable_path/Frameworks";
				PRODUCT_BUNDLE_IDENTIFIER = com.halid.LiveAgent;
				PRODUCT_NAME = "$(TARGET_NAME)";
			};
			name = Release;
		};
/* End XCBuildConfiguration section */

/* Begin XCConfigurationList section */
		1FC5712C1D09ABFC0001923B /* Build configuration list for PBXProject "LiveAgent" */ = {
			isa = XCConfigurationList;
			buildConfigurations = (
				1FC571461D09ABFC0001923B /* Debug */,
				1FC571471D09ABFC0001923B /* Release */,
			);
			defaultConfigurationIsVisible = 0;
			defaultConfigurationName = Release;
		};
		1FC571481D09ABFC0001923B /* Build configuration list for PBXNativeTarget "LiveAgent" */ = {
			isa = XCConfigurationList;
			buildConfigurations = (
				1FC571491D09ABFC0001923B /* Debug */,
				1FC5714A1D09ABFC0001923B /* Release */,
			);
			defaultConfigurationIsVisible = 0;
			defaultConfigurationName = Release;
		};
/* End XCConfigurationList section */
	};
	rootObject = 1FC571291D09ABFC0001923B /* Project object */;
}
